
Microsoft Visual Studio Solution File, Format Version 12.00
# Visual Studio Version 17
VisualStudioVersion = 17.0.31903.59
MinimumVisualStudioVersion = 10.0.40219.1
Project("{2150E333-8FDC-42A3-9474-1A3956D46DE8}") = "src", "src", "{BF148346-04AF-4FF0-B8FD-2BD29D21BC18}"
EndProject
Project("{FAE04EC0-301F-11D3-BF4B-00C04F79EFBC}") = "corewebapp", "src\corewebapp\corewebapp.csproj", "{B8D145D1-7727-41F3-83E5-6B9313EE964E}"
EndProject
Project("{2150E333-8FDC-42A3-9474-1A3956D46DE8}") = "Test", "Test", "{76D609CB-68BF-4F0D-8B78-EA699BDB4C8A}"
EndProject
Project("{FAE04EC0-301F-11D3-BF4B-00C04F79EFBC}") = "corewebappTest", "Test\corewebappTest\corewebappTest.csproj", "{B8BB26B8-84BD-42B4-8408-5B5A91388BF5}"
EndProject
Global
	GlobalSection(SolutionConfigurationPlatforms) = preSolution
		Debug|Any CPU = Debug|Any CPU
		Release|Any CPU = Release|Any CPU
	EndGlobalSection
	GlobalSection(SolutionProperties) = preSolution
		HideSolutionNode = FALSE
	EndGlobalSection
	GlobalSection(ProjectConfigurationPlatforms) = postSolution
		{B8D145D1-7727-41F3-83E5-6B9313EE964E}.Debug|Any CPU.ActiveCfg = Debug|Any CPU
		{B8D145D1-7727-41F3-83E5-6B9313EE964E}.Debug|Any CPU.Build.0 = Debug|Any CPU
		{B8D145D1-7727-41F3-83E5-6B9313EE964E}.Release|Any CPU.ActiveCfg = Release|Any CPU
		{B8D145D1-7727-41F3-83E5-6B9313EE964E}.Release|Any CPU.Build.0 = Release|Any CPU
		{B8BB26B8-84BD-42B4-8408-5B5A91388BF5}.Debug|Any CPU.ActiveCfg = Debug|Any CPU
		{B8BB26B8-84BD-42B4-8408-5B5A91388BF5}.Debug|Any CPU.Build.0 = Debug|Any CPU
		{B8BB26B8-84BD-42B4-8408-5B5A91388BF5}.Release|Any CPU.ActiveCfg = Release|Any CPU
		{B8BB26B8-84BD-42B4-8408-5B5A91388BF5}.Release|Any CPU.Build.0 = Release|Any CPU
	EndGlobalSection
	GlobalSection(NestedProjects) = preSolution
		{B8D145D1-7727-41F3-83E5-6B9313EE964E} = {BF148346-04AF-4FF0-B8FD-2BD29D21BC18}
		{B8BB26B8-84BD-42B4-8408-5B5A91388BF5} = {76D609CB-68BF-4F0D-8B78-EA699BDB4C8A}
	EndGlobalSection
EndGlobal
